
Microsoft Visual Studio Solution File, Format Version 12.00
# Visual Studio Version 16
VisualStudioVersion = 16.0.30320.27
MinimumVisualStudioVersion = 10.0.40219.1
Project("{FAE04EC0-301F-11D3-BF4B-00C04F79EFBC}") = "KILL ALL ZOMBIES GAME", "KILL ALL ZOMBIES GAME\KILL ALL ZOMBIES GAME.csproj", "{CF8052D8-A4B5-434C-A793-26FCA94FD3A3}"
EndProject
Global
	GlobalSection(SolutionConfigurationPlatforms) = preSolution
		Debug|Any CPU = Debug|Any CPU
		Release|Any CPU = Release|Any CPU
	EndGlobalSection
	GlobalSection(ProjectConfigurationPlatforms) = postSolution
		{CF8052D8-A4B5-434C-A793-26FCA94FD3A3}.Debug|Any CPU.ActiveCfg = Debug|Any CPU
		{CF8052D8-A4B5-434C-A793-26FCA94FD3A3}.Debug|Any CPU.Build.0 = Debug|Any CPU
		{CF8052D8-A4B5-434C-A793-26FCA94FD3A3}.Release|Any CPU.ActiveCfg = Release|Any CPU
		{CF8052D8-A4B5-434C-A793-26FCA94FD3A3}.Release|Any CPU.Build.0 = Release|Any CPU
	EndGlobalSection
	GlobalSection(SolutionProperties) = preSolution
		HideSolutionNode = FALSE
	EndGlobalSection
	GlobalSection(ExtensibilityGlobals) = postSolution
		SolutionGuid = {0A1B7E41-145C-46D6-A7DC-B6B015AF0910}
	EndGlobalSection
EndGlobal
